
Microsoft Visual Studio Solution File, Format Version 12.00
# Visual Studio 15
VisualStudioVersion = 15.0.26228.9
MinimumVisualStudioVersion = 10.0.40219.1
Project("{A07B5EB6-E848-4116-A8D0-A826331D98C6}") = "SFIotIngestor", "QueueSample\SFIotIngestor.sfproj", "{00EA3C64-C5E3-48A0-9A9B-41086830915D}"
EndProject
Project("{FAE04EC0-301F-11D3-BF4B-00C04F79EFBC}") = "SampleDictionary", "SampleDictionary\SampleDictionary.csproj", "{092EA989-5878-4E26-BE89-9E3AACC533D4}"
EndProject
Project("{FAE04EC0-301F-11D3-BF4B-00C04F79EFBC}") = "SampleQueue", "SampleQueue\SampleQueue.csproj", "{EDB9BA97-753A-4E86-B814-340BF3907639}"
EndProject
Project("{FAE04EC0-301F-11D3-BF4B-00C04F79EFBC}") = "decompress", "aroleservice\decompress.csproj", "{E62AE5B2-4BF3-42BF-BF57-A69B9BA29222}"
EndProject
Project("{FAE04EC0-301F-11D3-BF4B-00C04F79EFBC}") = "pushtoarole", "pushtoarole\pushtoarole.csproj", "{81A85868-75A7-44C9-A475-992B6F17D23D}"
EndProject
Project("{FAE04EC0-301F-11D3-BF4B-00C04F79EFBC}") = "deaggregate", "broleservice\deaggregate.csproj", "{3D79A87C-18EB-497C-ABF9-673FC3B859B1}"
EndProject
Project("{FAE04EC0-301F-11D3-BF4B-00C04F79EFBC}") = "persistentstore", "croleservice\persistentstore.csproj", "{C06F7A20-C5CB-4981-A4EA-FFFBD1531DD5}"
EndProject
Global
	GlobalSection(SolutionConfigurationPlatforms) = preSolution
		Debug|x64 = Debug|x64
		Release|x64 = Release|x64
	EndGlobalSection
	GlobalSection(ProjectConfigurationPlatforms) = postSolution
		{00EA3C64-C5E3-48A0-9A9B-41086830915D}.Debug|x64.ActiveCfg = Debug|x64
		{00EA3C64-C5E3-48A0-9A9B-41086830915D}.Debug|x64.Build.0 = Debug|x64
		{00EA3C64-C5E3-48A0-9A9B-41086830915D}.Debug|x64.Deploy.0 = Debug|x64
		{00EA3C64-C5E3-48A0-9A9B-41086830915D}.Release|x64.ActiveCfg = Release|x64
		{00EA3C64-C5E3-48A0-9A9B-41086830915D}.Release|x64.Build.0 = Release|x64
		{00EA3C64-C5E3-48A0-9A9B-41086830915D}.Release|x64.Deploy.0 = Release|x64
		{092EA989-5878-4E26-BE89-9E3AACC533D4}.Debug|x64.ActiveCfg = Debug|x64
		{092EA989-5878-4E26-BE89-9E3AACC533D4}.Debug|x64.Build.0 = Debug|x64
		{092EA989-5878-4E26-BE89-9E3AACC533D4}.Release|x64.ActiveCfg = Release|x64
		{092EA989-5878-4E26-BE89-9E3AACC533D4}.Release|x64.Build.0 = Release|x64
		{EDB9BA97-753A-4E86-B814-340BF3907639}.Debug|x64.ActiveCfg = Debug|x64
		{EDB9BA97-753A-4E86-B814-340BF3907639}.Debug|x64.Build.0 = Debug|x64
		{EDB9BA97-753A-4E86-B814-340BF3907639}.Release|x64.ActiveCfg = Release|x64
		{EDB9BA97-753A-4E86-B814-340BF3907639}.Release|x64.Build.0 = Release|x64
		{E62AE5B2-4BF3-42BF-BF57-A69B9BA29222}.Debug|x64.ActiveCfg = Debug|x64
		{E62AE5B2-4BF3-42BF-BF57-A69B9BA29222}.Debug|x64.Build.0 = Debug|x64
		{E62AE5B2-4BF3-42BF-BF57-A69B9BA29222}.Release|x64.ActiveCfg = Release|x64
		{E62AE5B2-4BF3-42BF-BF57-A69B9BA29222}.Release|x64.Build.0 = Release|x64
		{81A85868-75A7-44C9-A475-992B6F17D23D}.Debug|x64.ActiveCfg = Debug|x64
		{81A85868-75A7-44C9-A475-992B6F17D23D}.Debug|x64.Build.0 = Debug|x64
		{81A85868-75A7-44C9-A475-992B6F17D23D}.Release|x64.ActiveCfg = Release|x64
		{81A85868-75A7-44C9-A475-992B6F17D23D}.Release|x64.Build.0 = Release|x64
		{3D79A87C-18EB-497C-ABF9-673FC3B859B1}.Debug|x64.ActiveCfg = Debug|x64
		{3D79A87C-18EB-497C-ABF9-673FC3B859B1}.Debug|x64.Build.0 = Debug|x64
		{3D79A87C-18EB-497C-ABF9-673FC3B859B1}.Release|x64.ActiveCfg = Release|x64
		{3D79A87C-18EB-497C-ABF9-673FC3B859B1}.Release|x64.Build.0 = Release|x64
		{C06F7A20-C5CB-4981-A4EA-FFFBD1531DD5}.Debug|x64.ActiveCfg = Debug|x64
		{C06F7A20-C5CB-4981-A4EA-FFFBD1531DD5}.Debug|x64.Build.0 = Debug|x64
		{C06F7A20-C5CB-4981-A4EA-FFFBD1531DD5}.Release|x64.ActiveCfg = Release|x64
		{C06F7A20-C5CB-4981-A4EA-FFFBD1531DD5}.Release|x64.Build.0 = Release|x64
	EndGlobalSection
	GlobalSection(SolutionProperties) = preSolution
		HideSolutionNode = FALSE
	EndGlobalSection
EndGlobal
